
Microsoft Visual Studio Solution File, Format Version 12.00
# Visual Studio Version 17
VisualStudioVersion = 17.13.35818.85 d17.13
MinimumVisualStudioVersion = 10.0.40219.1
Project("{FAE04EC0-301F-11D3-BF4B-00C04F79EFBC}") = "TicTacToe", "TicTacToe\TicTacToe.csproj", "{B78EA467-D1EB-4FE3-98DE-C597C2302AA3}"
EndProject
Global
	GlobalSection(SolutionConfigurationPlatforms) = preSolution
		Debug|Any CPU = Debug|Any CPU
		Release|Any CPU = Release|Any CPU
	EndGlobalSection
	GlobalSection(ProjectConfigurationPlatforms) = postSolution
		{B78EA467-D1EB-4FE3-98DE-C597C2302AA3}.Debug|Any CPU.ActiveCfg = Debug|Any CPU
		{B78EA467-D1EB-4FE3-98DE-C597C2302AA3}.Debug|Any CPU.Build.0 = Debug|Any CPU
		{B78EA467-D1EB-4FE3-98DE-C597C2302AA3}.Release|Any CPU.ActiveCfg = Release|Any CPU
		{B78EA467-D1EB-4FE3-98DE-C597C2302AA3}.Release|Any CPU.Build.0 = Release|Any CPU
	EndGlobalSection
	GlobalSection(SolutionProperties) = preSolution
		HideSolutionNode = FALSE
	EndGlobalSection
	GlobalSection(ExtensibilityGlobals) = postSolution
		SolutionGuid = {E8B9A637-B600-4BF9-BDBB-30F8CC7C8FE4}
	EndGlobalSection
EndGlobal
